
Microsoft Visual Studio Solution File, Format Version 12.00
# Visual Studio Version 17
VisualStudioVersion = 17.4.33103.184
MinimumVisualStudioVersion = 10.0.40219.1
Project("{9A19103F-16F7-4668-BE54-9A1E7A4F7556}") = "Fundamentals", "Fundamentals.csproj", "{86C2B4D6-53D9-4CCF-84B6-A1D5F68FB5AB}"
EndProject
Project("{9A19103F-16F7-4668-BE54-9A1E7A4F7556}") = "Tests", "..\Tests\Tests.csproj", "{D93B0551-8865-4C21-B812-D2EAD6367BD7}"
EndProject
Project("{9A19103F-16F7-4668-BE54-9A1E7A4F7556}") = "Console.Tester", "..\Console.Tester\Console.Tester.csproj", "{9CCFE94A-AD9F-419E-9669-2179BC14FA45}"
EndProject
Project("{9A19103F-16F7-4668-BE54-9A1E7A4F7556}") = "Exercises", "..\Exercises\Exercises.csproj", "{CEE68BC7-C9AD-4ACA-80B0-8535A2EE1BCD}"
EndProject
Project("{9A19103F-16F7-4668-BE54-9A1E7A4F7556}") = "Sorting", "..\Sorting\Sorting.csproj", "{1DFB9A58-92E4-4C81-8E95-33582D1F62B9}"
EndProject
Project("{FAE04EC0-301F-11D3-BF4B-00C04F79EFBC}") = "Searching", "..\Searching\Searching.csproj", "{A6619528-D7DC-4E27-A761-12C9D3631779}"
EndProject
Global
	GlobalSection(SolutionConfigurationPlatforms) = preSolution
		Debug|Any CPU = Debug|Any CPU
		Release|Any CPU = Release|Any CPU
	EndGlobalSection
	GlobalSection(ProjectConfigurationPlatforms) = postSolution
		{86C2B4D6-53D9-4CCF-84B6-A1D5F68FB5AB}.Debug|Any CPU.ActiveCfg = Debug|Any CPU
		{86C2B4D6-53D9-4CCF-84B6-A1D5F68FB5AB}.Debug|Any CPU.Build.0 = Debug|Any CPU
		{86C2B4D6-53D9-4CCF-84B6-A1D5F68FB5AB}.Release|Any CPU.ActiveCfg = Release|Any CPU
		{86C2B4D6-53D9-4CCF-84B6-A1D5F68FB5AB}.Release|Any CPU.Build.0 = Release|Any CPU
		{D93B0551-8865-4C21-B812-D2EAD6367BD7}.Debug|Any CPU.ActiveCfg = Debug|Any CPU
		{D93B0551-8865-4C21-B812-D2EAD6367BD7}.Debug|Any CPU.Build.0 = Debug|Any CPU
		{D93B0551-8865-4C21-B812-D2EAD6367BD7}.Release|Any CPU.ActiveCfg = Release|Any CPU
		{D93B0551-8865-4C21-B812-D2EAD6367BD7}.Release|Any CPU.Build.0 = Release|Any CPU
		{9CCFE94A-AD9F-419E-9669-2179BC14FA45}.Debug|Any CPU.ActiveCfg = Debug|Any CPU
		{9CCFE94A-AD9F-419E-9669-2179BC14FA45}.Debug|Any CPU.Build.0 = Debug|Any CPU
		{9CCFE94A-AD9F-419E-9669-2179BC14FA45}.Release|Any CPU.ActiveCfg = Release|Any CPU
		{9CCFE94A-AD9F-419E-9669-2179BC14FA45}.Release|Any CPU.Build.0 = Release|Any CPU
		{CEE68BC7-C9AD-4ACA-80B0-8535A2EE1BCD}.Debug|Any CPU.ActiveCfg = Debug|Any CPU
		{CEE68BC7-C9AD-4ACA-80B0-8535A2EE1BCD}.Debug|Any CPU.Build.0 = Debug|Any CPU
		{CEE68BC7-C9AD-4ACA-80B0-8535A2EE1BCD}.Release|Any CPU.ActiveCfg = Release|Any CPU
		{CEE68BC7-C9AD-4ACA-80B0-8535A2EE1BCD}.Release|Any CPU.Build.0 = Release|Any CPU
		{1DFB9A58-92E4-4C81-8E95-33582D1F62B9}.Debug|Any CPU.ActiveCfg = Debug|Any CPU
		{1DFB9A58-92E4-4C81-8E95-33582D1F62B9}.Debug|Any CPU.Build.0 = Debug|Any CPU
		{1DFB9A58-92E4-4C81-8E95-33582D1F62B9}.Release|Any CPU.ActiveCfg = Release|Any CPU
		{1DFB9A58-92E4-4C81-8E95-33582D1F62B9}.Release|Any CPU.Build.0 = Release|Any CPU
		{A6619528-D7DC-4E27-A761-12C9D3631779}.Debug|Any CPU.ActiveCfg = Debug|Any CPU
		{A6619528-D7DC-4E27-A761-12C9D3631779}.Debug|Any CPU.Build.0 = Debug|Any CPU
		{A6619528-D7DC-4E27-A761-12C9D3631779}.Release|Any CPU.ActiveCfg = Release|Any CPU
		{A6619528-D7DC-4E27-A761-12C9D3631779}.Release|Any CPU.Build.0 = Release|Any CPU
	EndGlobalSection
	GlobalSection(SolutionProperties) = preSolution
		HideSolutionNode = FALSE
	EndGlobalSection
	GlobalSection(ExtensibilityGlobals) = postSolution
		SolutionGuid = {D3F00C77-FA0D-438D-A74A-28B64E9C5998}
	EndGlobalSection
EndGlobal
